
Microsoft Visual Studio Solution File, Format Version 12.00
# Visual Studio Version 17
VisualStudioVersion = 17.11.35208.52
MinimumVisualStudioVersion = 10.0.40219.1
Project("{FAE04EC0-301F-11D3-BF4B-00C04F79EFBC}") = "Clothing_Store_C#", "Clothing_Store_C#.csproj", "{18320F37-5A84-40E5-9DD5-630A0EC743B1}"
EndProject
Global
	GlobalSection(SolutionConfigurationPlatforms) = preSolution
		Debug|Any CPU = Debug|Any CPU
		Release|Any CPU = Release|Any CPU
	EndGlobalSection
	GlobalSection(ProjectConfigurationPlatforms) = postSolution
		{18320F37-5A84-40E5-9DD5-630A0EC743B1}.Debug|Any CPU.ActiveCfg = Debug|Any CPU
		{18320F37-5A84-40E5-9DD5-630A0EC743B1}.Debug|Any CPU.Build.0 = Debug|Any CPU
		{18320F37-5A84-40E5-9DD5-630A0EC743B1}.Release|Any CPU.ActiveCfg = Release|Any CPU
		{18320F37-5A84-40E5-9DD5-630A0EC743B1}.Release|Any CPU.Build.0 = Release|Any CPU
	EndGlobalSection
	GlobalSection(SolutionProperties) = preSolution
		HideSolutionNode = FALSE
	EndGlobalSection
	GlobalSection(ExtensibilityGlobals) = postSolution
		SolutionGuid = {A95890CA-666B-4A68-B15C-12F4764106E1}
	EndGlobalSection
EndGlobal
